
Microsoft Visual Studio Solution File, Format Version 12.00
# Visual Studio Version 17
VisualStudioVersion = 17.14.36221.1 d17.14
MinimumVisualStudioVersion = 10.0.40219.1
Project("{FAE04EC0-301F-11D3-BF4B-00C04F79EFBC}") = "PropertyMgmtApp.Api", "PropertyMgmtApp.Api\PropertyMgmtApp.Api.csproj", "{96851B5C-B6B6-4AFA-BECC-84C91BDD4138}"
EndProject
Global
	GlobalSection(SolutionConfigurationPlatforms) = preSolution
		Debug|Any CPU = Debug|Any CPU
		Release|Any CPU = Release|Any CPU
	EndGlobalSection
	GlobalSection(ProjectConfigurationPlatforms) = postSolution
		{96851B5C-B6B6-4AFA-BECC-84C91BDD4138}.Debug|Any CPU.ActiveCfg = Debug|Any CPU
		{96851B5C-B6B6-4AFA-BECC-84C91BDD4138}.Debug|Any CPU.Build.0 = Debug|Any CPU
		{96851B5C-B6B6-4AFA-BECC-84C91BDD4138}.Release|Any CPU.ActiveCfg = Release|Any CPU
		{96851B5C-B6B6-4AFA-BECC-84C91BDD4138}.Release|Any CPU.Build.0 = Release|Any CPU
	EndGlobalSection
	GlobalSection(SolutionProperties) = preSolution
		HideSolutionNode = FALSE
	EndGlobalSection
	GlobalSection(ExtensibilityGlobals) = postSolution
		SolutionGuid = {FE9D65FC-D956-48DC-BE91-91082FB1FC62}
	EndGlobalSection
EndGlobal
